{
  "name": "container",
  "lockfileVersion": 3,
  "requires": true,
  "packages": {
    "": {
      "dependencies": {
        "create-next-app": "^13.3.0"
      }
    },
    "node_modules/create-next-app": {
      "version": "13.3.0",
      "resolved": "https://registry.npmjs.org/create-next-app/-/create-next-app-13.3.0.tgz",
      "integrity": "sha512-hgFzUTHLDAAc0yCf/wP1ntfglAfB82g5i4xEk2cv2kKnchGMQyMQrjy0BV/eEHVPCPVz9vjTSGeVqKE2YYPrpg==",
      "bin": {
        "create-next-app": "dist/index.js"
      },
      "engines": {
        "node": ">=14.6.0"
      }
    }
  }
}
